
Microsoft Visual Studio Solution File, Format Version 12.00
# Visual Studio Version 16
VisualStudioVersion = 16.0.31205.134
MinimumVisualStudioVersion = 10.0.40219.1
Project("{2150E333-8FDC-42A3-9474-1A3956D46DE8}") = "Common", "Common", "{9BE806E2-CCEC-42C7-842D-5CA137DE7D49}"
EndProject
Project("{2150E333-8FDC-42A3-9474-1A3956D46DE8}") = "UI", "UI", "{691E531E-1471-4C38-B6E8-19D27C92C086}"
EndProject
Project("{2150E333-8FDC-42A3-9474-1A3956D46DE8}") = "Services", "Services", "{FCAD79C0-90B9-493C-BF74-D078EB57C18D}"
EndProject
Project("{9A19103F-16F7-4668-BE54-9A1E7A4F7556}") = "WebStore.Domain", "Common\WebStore.Domain\WebStore.Domain.csproj", "{90396649-5038-40A6-9BA8-76A2A2A8D0A0}"
EndProject
Project("{9A19103F-16F7-4668-BE54-9A1E7A4F7556}") = "WebStore.DAL", "Services\WebStore.DAL\WebStore.DAL.csproj", "{51D15420-1288-413B-B0DE-657FFE823EB2}"
EndProject
Project("{9A19103F-16F7-4668-BE54-9A1E7A4F7556}") = "WebStore", "UI\WebStore\WebStore.csproj", "{6C2AF38D-DBAF-4238-BE77-1463D060B59F}"
EndProject
Project("{9A19103F-16F7-4668-BE54-9A1E7A4F7556}") = "WebStore.Interfaces", "Services\WebStore.Interfaces\WebStore.Interfaces.csproj", "{55C2071F-E80C-43CC-8D72-DC4097607FAC}"
EndProject
Project("{9A19103F-16F7-4668-BE54-9A1E7A4F7556}") = "WebStore.Services", "Services\WebStore.Services\WebStore.Services.csproj", "{A7F80072-92E7-44E2-BDFB-1BC5F0F966FD}"
EndProject
Project("{9A19103F-16F7-4668-BE54-9A1E7A4F7556}") = "WebStore.WebAPI", "Services\WebStore.WebAPI\WebStore.WebAPI.csproj", "{948BEF8B-8CDD-4B0F-A3DB-3529B8AB72A8}"
EndProject
Project("{9A19103F-16F7-4668-BE54-9A1E7A4F7556}") = "WebStore.WebAPI.Clients", "Services\WebStore.WebAPI.Clients\WebStore.WebAPI.Clients.csproj", "{1D2F4B2D-5215-4677-9058-A5549F46342A}"
EndProject
Project("{9A19103F-16F7-4668-BE54-9A1E7A4F7556}") = "WebStore.Logger", "Common\WebStore.Logger\WebStore.Logger.csproj", "{949315B2-7691-4672-9BCA-7CFDE86ABD92}"
EndProject
Project("{2150E333-8FDC-42A3-9474-1A3956D46DE8}") = "Tests", "Tests", "{44587317-5954-4E23-AADD-8532D00E7088}"
EndProject
Project("{FAE04EC0-301F-11D3-BF4B-00C04F79EFBC}") = "WebStore.Tests", "Tests\WebStore.Tests\WebStore.Tests.csproj", "{A811FA71-5A9B-4F96-B429-4B0797C596A8}"
EndProject
Global
	GlobalSection(SolutionConfigurationPlatforms) = preSolution
		Debug|Any CPU = Debug|Any CPU
		Release|Any CPU = Release|Any CPU
	EndGlobalSection
	GlobalSection(ProjectConfigurationPlatforms) = postSolution
		{90396649-5038-40A6-9BA8-76A2A2A8D0A0}.Debug|Any CPU.ActiveCfg = Debug|Any CPU
		{90396649-5038-40A6-9BA8-76A2A2A8D0A0}.Debug|Any CPU.Build.0 = Debug|Any CPU
		{90396649-5038-40A6-9BA8-76A2A2A8D0A0}.Release|Any CPU.ActiveCfg = Release|Any CPU
		{90396649-5038-40A6-9BA8-76A2A2A8D0A0}.Release|Any CPU.Build.0 = Release|Any CPU
		{51D15420-1288-413B-B0DE-657FFE823EB2}.Debug|Any CPU.ActiveCfg = Debug|Any CPU
		{51D15420-1288-413B-B0DE-657FFE823EB2}.Debug|Any CPU.Build.0 = Debug|Any CPU
		{51D15420-1288-413B-B0DE-657FFE823EB2}.Release|Any CPU.ActiveCfg = Release|Any CPU
		{51D15420-1288-413B-B0DE-657FFE823EB2}.Release|Any CPU.Build.0 = Release|Any CPU
		{6C2AF38D-DBAF-4238-BE77-1463D060B59F}.Debug|Any CPU.ActiveCfg = Debug|Any CPU
		{6C2AF38D-DBAF-4238-BE77-1463D060B59F}.Debug|Any CPU.Build.0 = Debug|Any CPU
		{6C2AF38D-DBAF-4238-BE77-1463D060B59F}.Release|Any CPU.ActiveCfg = Release|Any CPU
		{6C2AF38D-DBAF-4238-BE77-1463D060B59F}.Release|Any CPU.Build.0 = Release|Any CPU
		{55C2071F-E80C-43CC-8D72-DC4097607FAC}.Debug|Any CPU.ActiveCfg = Debug|Any CPU
		{55C2071F-E80C-43CC-8D72-DC4097607FAC}.Debug|Any CPU.Build.0 = Debug|Any CPU
		{55C2071F-E80C-43CC-8D72-DC4097607FAC}.Release|Any CPU.ActiveCfg = Release|Any CPU
		{55C2071F-E80C-43CC-8D72-DC4097607FAC}.Release|Any CPU.Build.0 = Release|Any CPU
		{A7F80072-92E7-44E2-BDFB-1BC5F0F966FD}.Debug|Any CPU.ActiveCfg = Debug|Any CPU
		{A7F80072-92E7-44E2-BDFB-1BC5F0F966FD}.Debug|Any CPU.Build.0 = Debug|Any CPU
		{A7F80072-92E7-44E2-BDFB-1BC5F0F966FD}.Release|Any CPU.ActiveCfg = Release|Any CPU
		{A7F80072-92E7-44E2-BDFB-1BC5F0F966FD}.Release|Any CPU.Build.0 = Release|Any CPU
		{948BEF8B-8CDD-4B0F-A3DB-3529B8AB72A8}.Debug|Any CPU.ActiveCfg = Debug|Any CPU
		{948BEF8B-8CDD-4B0F-A3DB-3529B8AB72A8}.Debug|Any CPU.Build.0 = Debug|Any CPU
		{948BEF8B-8CDD-4B0F-A3DB-3529B8AB72A8}.Release|Any CPU.ActiveCfg = Release|Any CPU
		{948BEF8B-8CDD-4B0F-A3DB-3529B8AB72A8}.Release|Any CPU.Build.0 = Release|Any CPU
		{1D2F4B2D-5215-4677-9058-A5549F46342A}.Debug|Any CPU.ActiveCfg = Debug|Any CPU
		{1D2F4B2D-5215-4677-9058-A5549F46342A}.Debug|Any CPU.Build.0 = Debug|Any CPU
		{1D2F4B2D-5215-4677-9058-A5549F46342A}.Release|Any CPU.ActiveCfg = Release|Any CPU
		{1D2F4B2D-5215-4677-9058-A5549F46342A}.Release|Any CPU.Build.0 = Release|Any CPU
		{949315B2-7691-4672-9BCA-7CFDE86ABD92}.Debug|Any CPU.ActiveCfg = Debug|Any CPU
		{949315B2-7691-4672-9BCA-7CFDE86ABD92}.Debug|Any CPU.Build.0 = Debug|Any CPU
		{949315B2-7691-4672-9BCA-7CFDE86ABD92}.Release|Any CPU.ActiveCfg = Release|Any CPU
		{949315B2-7691-4672-9BCA-7CFDE86ABD92}.Release|Any CPU.Build.0 = Release|Any CPU
		{A811FA71-5A9B-4F96-B429-4B0797C596A8}.Debug|Any CPU.ActiveCfg = Debug|Any CPU
		{A811FA71-5A9B-4F96-B429-4B0797C596A8}.Debug|Any CPU.Build.0 = Debug|Any CPU
		{A811FA71-5A9B-4F96-B429-4B0797C596A8}.Release|Any CPU.ActiveCfg = Release|Any CPU
		{A811FA71-5A9B-4F96-B429-4B0797C596A8}.Release|Any CPU.Build.0 = Release|Any CPU
	EndGlobalSection
	GlobalSection(SolutionProperties) = preSolution
		HideSolutionNode = FALSE
	EndGlobalSection
	GlobalSection(NestedProjects) = preSolution
		{90396649-5038-40A6-9BA8-76A2A2A8D0A0} = {9BE806E2-CCEC-42C7-842D-5CA137DE7D49}
		{51D15420-1288-413B-B0DE-657FFE823EB2} = {FCAD79C0-90B9-493C-BF74-D078EB57C18D}
		{6C2AF38D-DBAF-4238-BE77-1463D060B59F} = {691E531E-1471-4C38-B6E8-19D27C92C086}
		{55C2071F-E80C-43CC-8D72-DC4097607FAC} = {FCAD79C0-90B9-493C-BF74-D078EB57C18D}
		{A7F80072-92E7-44E2-BDFB-1BC5F0F966FD} = {FCAD79C0-90B9-493C-BF74-D078EB57C18D}
		{948BEF8B-8CDD-4B0F-A3DB-3529B8AB72A8} = {FCAD79C0-90B9-493C-BF74-D078EB57C18D}
		{1D2F4B2D-5215-4677-9058-A5549F46342A} = {FCAD79C0-90B9-493C-BF74-D078EB57C18D}
		{949315B2-7691-4672-9BCA-7CFDE86ABD92} = {9BE806E2-CCEC-42C7-842D-5CA137DE7D49}
		{A811FA71-5A9B-4F96-B429-4B0797C596A8} = {44587317-5954-4E23-AADD-8532D00E7088}
	EndGlobalSection
	GlobalSection(ExtensibilityGlobals) = postSolution
		SolutionGuid = {41560DBF-A0C6-4F9C-8862-C30B5AE8C783}
	EndGlobalSection
EndGlobal
